
Microsoft Visual Studio Solution File, Format Version 12.00
# Visual Studio Version 17
VisualStudioVersion = 17.7.34031.279
MinimumVisualStudioVersion = 10.0.40219.1
Project("{FAE04EC0-301F-11D3-BF4B-00C04F79EFBC}") = "Example3", "Example3.csproj", "{8BE8FC76-E561-4ACF-81BA-175275F77B10}"
EndProject
Global
	GlobalSection(SolutionConfigurationPlatforms) = preSolution
		Debug|Any CPU = Debug|Any CPU
		Release|Any CPU = Release|Any CPU
	EndGlobalSection
	GlobalSection(ProjectConfigurationPlatforms) = postSolution
		{8BE8FC76-E561-4ACF-81BA-175275F77B10}.Debug|Any CPU.ActiveCfg = Debug|Any CPU
		{8BE8FC76-E561-4ACF-81BA-175275F77B10}.Debug|Any CPU.Build.0 = Debug|Any CPU
		{8BE8FC76-E561-4ACF-81BA-175275F77B10}.Release|Any CPU.ActiveCfg = Release|Any CPU
		{8BE8FC76-E561-4ACF-81BA-175275F77B10}.Release|Any CPU.Build.0 = Release|Any CPU
	EndGlobalSection
	GlobalSection(SolutionProperties) = preSolution
		HideSolutionNode = FALSE
	EndGlobalSection
	GlobalSection(ExtensibilityGlobals) = postSolution
		SolutionGuid = {15D2545C-877B-4E96-AA62-FBFB026628FE}
	EndGlobalSection
EndGlobal
